
Microsoft Visual Studio Solution File, Format Version 12.00
# Visual Studio Version 17
VisualStudioVersion = 17.0.32014.148
MinimumVisualStudioVersion = 10.0.40219.1
Project("{FAE04EC0-301F-11D3-BF4B-00C04F79EFBC}") = "WebApplication1", "WebApplication1\WebApplication1.csproj", "{E8E5D6D5-7908-40D6-80F1-3E617F2D2D6A}"
EndProject
Global
	GlobalSection(SolutionConfigurationPlatforms) = preSolution
		Debug|Any CPU = Debug|Any CPU
		Release|Any CPU = Release|Any CPU
	EndGlobalSection
	GlobalSection(ProjectConfigurationPlatforms) = postSolution
		{E8E5D6D5-7908-40D6-80F1-3E617F2D2D6A}.Debug|Any CPU.ActiveCfg = Debug|Any CPU
		{E8E5D6D5-7908-40D6-80F1-3E617F2D2D6A}.Debug|Any CPU.Build.0 = Debug|Any CPU
		{E8E5D6D5-7908-40D6-80F1-3E617F2D2D6A}.Release|Any CPU.ActiveCfg = Release|Any CPU
		{E8E5D6D5-7908-40D6-80F1-3E617F2D2D6A}.Release|Any CPU.Build.0 = Release|Any CPU
	EndGlobalSection
	GlobalSection(SolutionProperties) = preSolution
		HideSolutionNode = FALSE
	EndGlobalSection
	GlobalSection(ExtensibilityGlobals) = postSolution
		SolutionGuid = {E1410B65-5288-426F-BCFB-432A93088E77}
	EndGlobalSection
EndGlobal
